
Microsoft Visual Studio Solution File, Format Version 12.00
# Visual Studio Version 16
VisualStudioVersion = 16.0.30204.135
MinimumVisualStudioVersion = 10.0.40219.1
Project("{FAE04EC0-301F-11D3-BF4B-00C04F79EFBC}") = "StudentCourseRegistrationFinal", "StudentCourseRegistrationFinal\StudentCourseRegistrationFinal.csproj", "{12BAFEB6-8574-450B-8211-D2B22E10A458}"
EndProject
Project("{FAE04EC0-301F-11D3-BF4B-00C04F79EFBC}") = "StudentCourseRegistrationFinalTest", "StudentCourseRegistrationFinalTest\StudentCourseRegistrationFinalTest.csproj", "{88D9E4A5-9390-42E4-944B-6FD8DEBE9EBB}"
EndProject
Global
	GlobalSection(SolutionConfigurationPlatforms) = preSolution
		Debug|Any CPU = Debug|Any CPU
		Release|Any CPU = Release|Any CPU
	EndGlobalSection
	GlobalSection(ProjectConfigurationPlatforms) = postSolution
		{12BAFEB6-8574-450B-8211-D2B22E10A458}.Debug|Any CPU.ActiveCfg = Debug|Any CPU
		{12BAFEB6-8574-450B-8211-D2B22E10A458}.Debug|Any CPU.Build.0 = Debug|Any CPU
		{12BAFEB6-8574-450B-8211-D2B22E10A458}.Release|Any CPU.ActiveCfg = Release|Any CPU
		{12BAFEB6-8574-450B-8211-D2B22E10A458}.Release|Any CPU.Build.0 = Release|Any CPU
		{88D9E4A5-9390-42E4-944B-6FD8DEBE9EBB}.Debug|Any CPU.ActiveCfg = Debug|Any CPU
		{88D9E4A5-9390-42E4-944B-6FD8DEBE9EBB}.Debug|Any CPU.Build.0 = Debug|Any CPU
		{88D9E4A5-9390-42E4-944B-6FD8DEBE9EBB}.Release|Any CPU.ActiveCfg = Release|Any CPU
		{88D9E4A5-9390-42E4-944B-6FD8DEBE9EBB}.Release|Any CPU.Build.0 = Release|Any CPU
	EndGlobalSection
	GlobalSection(SolutionProperties) = preSolution
		HideSolutionNode = FALSE
	EndGlobalSection
	GlobalSection(ExtensibilityGlobals) = postSolution
		SolutionGuid = {C5DE50D9-F17C-4561-BFEF-DC7B1BE56EBB}
	EndGlobalSection
EndGlobal
